
Microsoft Visual Studio Solution File, Format Version 12.00
Project("{FAE04EC0-301F-11D3-BF4B-00C04F79EFBC}") = "Proxygen", "Proxygen\Proxygen.csproj", "{459B96E0-6514-401A-9C00-F333269EC7EB}"
EndProject
Project("{FAE04EC0-301F-11D3-BF4B-00C04F79EFBC}") = "Test", "Test\Test.csproj", "{F4922BFA-3FA3-4EC2-9F33-E8DAC25455A7}"
EndProject
Project("{FAE04EC0-301F-11D3-BF4B-00C04F79EFBC}") = "SharedModel", "SharedModel\SharedModel.csproj", "{CE282CA2-8C6F-4253-B48F-C966CF074ADC}"
EndProject
Project("{FAE04EC0-301F-11D3-BF4B-00C04F79EFBC}") = "Update", "Update\Update.csproj", "{F2AC2B97-BDB6-4E4A-BBE9-686D3AB2B864}"
EndProject
Global
	GlobalSection(SolutionConfigurationPlatforms) = preSolution
		Debug|Any CPU = Debug|Any CPU
		Release|Any CPU = Release|Any CPU
	EndGlobalSection
	GlobalSection(ProjectConfigurationPlatforms) = postSolution
		{459B96E0-6514-401A-9C00-F333269EC7EB}.Debug|Any CPU.ActiveCfg = Debug|Any CPU
		{459B96E0-6514-401A-9C00-F333269EC7EB}.Debug|Any CPU.Build.0 = Debug|Any CPU
		{459B96E0-6514-401A-9C00-F333269EC7EB}.Release|Any CPU.ActiveCfg = Release|Any CPU
		{459B96E0-6514-401A-9C00-F333269EC7EB}.Release|Any CPU.Build.0 = Release|Any CPU
		{76DB04A9-B840-45FE-97E7-08AB5000BF8B}.Debug|Any CPU.ActiveCfg = Debug|Any CPU
		{76DB04A9-B840-45FE-97E7-08AB5000BF8B}.Debug|Any CPU.Build.0 = Debug|Any CPU
		{76DB04A9-B840-45FE-97E7-08AB5000BF8B}.Release|Any CPU.ActiveCfg = Release|Any CPU
		{76DB04A9-B840-45FE-97E7-08AB5000BF8B}.Release|Any CPU.Build.0 = Release|Any CPU
		{F4922BFA-3FA3-4EC2-9F33-E8DAC25455A7}.Debug|Any CPU.ActiveCfg = Debug|Any CPU
		{F4922BFA-3FA3-4EC2-9F33-E8DAC25455A7}.Debug|Any CPU.Build.0 = Debug|Any CPU
		{F4922BFA-3FA3-4EC2-9F33-E8DAC25455A7}.Release|Any CPU.ActiveCfg = Release|Any CPU
		{F4922BFA-3FA3-4EC2-9F33-E8DAC25455A7}.Release|Any CPU.Build.0 = Release|Any CPU
		{CE282CA2-8C6F-4253-B48F-C966CF074ADC}.Debug|Any CPU.ActiveCfg = Debug|Any CPU
		{CE282CA2-8C6F-4253-B48F-C966CF074ADC}.Debug|Any CPU.Build.0 = Debug|Any CPU
		{CE282CA2-8C6F-4253-B48F-C966CF074ADC}.Release|Any CPU.ActiveCfg = Release|Any CPU
		{CE282CA2-8C6F-4253-B48F-C966CF074ADC}.Release|Any CPU.Build.0 = Release|Any CPU
		{F2AC2B97-BDB6-4E4A-BBE9-686D3AB2B864}.Debug|Any CPU.ActiveCfg = Debug|Any CPU
		{F2AC2B97-BDB6-4E4A-BBE9-686D3AB2B864}.Debug|Any CPU.Build.0 = Debug|Any CPU
		{F2AC2B97-BDB6-4E4A-BBE9-686D3AB2B864}.Release|Any CPU.ActiveCfg = Release|Any CPU
		{F2AC2B97-BDB6-4E4A-BBE9-686D3AB2B864}.Release|Any CPU.Build.0 = Release|Any CPU
	EndGlobalSection
EndGlobal
